
Microsoft Visual Studio Solution File, Format Version 12.00
# Visual Studio 15
VisualStudioVersion = 15.0.28307.1022
MinimumVisualStudioVersion = 10.0.40219.1
Project("{8BC9CEB8-8B4A-11D0-8D11-00A0C91BC942}") = "cannytext", "cannytext\cannytext.vcxproj", "{A1B187CD-57AB-4B64-A2E3-08A01A361E6A}"
EndProject
Project("{8BC9CEB8-8B4A-11D0-8D11-00A0C91BC942}") = "rotationzoom", "rotationzoom\rotationzoom.vcxproj", "{5D8356F2-AAA7-4459-9297-936202CA2F72}"
EndProject
Project("{8BC9CEB8-8B4A-11D0-8D11-00A0C91BC942}") = "affinetransfromation", "affinetransfromation\affinetransfromation.vcxproj", "{B6F0E694-D2A4-4A98-9198-5FF8A995594B}"
EndProject
Project("{8BC9CEB8-8B4A-11D0-8D11-00A0C91BC942}") = "projectiontransformation", "projectiontransformation\projectiontransformation.vcxproj", "{7D636918-15ED-4F54-86B2-151AFA5D55CF}"
EndProject
Global
	GlobalSection(SolutionConfigurationPlatforms) = preSolution
		Debug|x64 = Debug|x64
		Debug|x86 = Debug|x86
		Release|x64 = Release|x64
		Release|x86 = Release|x86
	EndGlobalSection
	GlobalSection(ProjectConfigurationPlatforms) = postSolution
		{A1B187CD-57AB-4B64-A2E3-08A01A361E6A}.Debug|x64.ActiveCfg = Debug|x64
		{A1B187CD-57AB-4B64-A2E3-08A01A361E6A}.Debug|x64.Build.0 = Debug|x64
		{A1B187CD-57AB-4B64-A2E3-08A01A361E6A}.Debug|x86.ActiveCfg = Debug|Win32
		{A1B187CD-57AB-4B64-A2E3-08A01A361E6A}.Debug|x86.Build.0 = Debug|Win32
		{A1B187CD-57AB-4B64-A2E3-08A01A361E6A}.Release|x64.ActiveCfg = Release|x64
		{A1B187CD-57AB-4B64-A2E3-08A01A361E6A}.Release|x64.Build.0 = Release|x64
		{A1B187CD-57AB-4B64-A2E3-08A01A361E6A}.Release|x86.ActiveCfg = Release|Win32
		{A1B187CD-57AB-4B64-A2E3-08A01A361E6A}.Release|x86.Build.0 = Release|Win32
		{5D8356F2-AAA7-4459-9297-936202CA2F72}.Debug|x64.ActiveCfg = Debug|x64
		{5D8356F2-AAA7-4459-9297-936202CA2F72}.Debug|x64.Build.0 = Debug|x64
		{5D8356F2-AAA7-4459-9297-936202CA2F72}.Debug|x86.ActiveCfg = Debug|Win32
		{5D8356F2-AAA7-4459-9297-936202CA2F72}.Debug|x86.Build.0 = Debug|Win32
		{5D8356F2-AAA7-4459-9297-936202CA2F72}.Release|x64.ActiveCfg = Release|x64
		{5D8356F2-AAA7-4459-9297-936202CA2F72}.Release|x64.Build.0 = Release|x64
		{5D8356F2-AAA7-4459-9297-936202CA2F72}.Release|x86.ActiveCfg = Release|Win32
		{5D8356F2-AAA7-4459-9297-936202CA2F72}.Release|x86.Build.0 = Release|Win32
		{B6F0E694-D2A4-4A98-9198-5FF8A995594B}.Debug|x64.ActiveCfg = Debug|x64
		{B6F0E694-D2A4-4A98-9198-5FF8A995594B}.Debug|x64.Build.0 = Debug|x64
		{B6F0E694-D2A4-4A98-9198-5FF8A995594B}.Debug|x86.ActiveCfg = Debug|Win32
		{B6F0E694-D2A4-4A98-9198-5FF8A995594B}.Debug|x86.Build.0 = Debug|Win32
		{B6F0E694-D2A4-4A98-9198-5FF8A995594B}.Release|x64.ActiveCfg = Release|x64
		{B6F0E694-D2A4-4A98-9198-5FF8A995594B}.Release|x64.Build.0 = Release|x64
		{B6F0E694-D2A4-4A98-9198-5FF8A995594B}.Release|x86.ActiveCfg = Release|Win32
		{B6F0E694-D2A4-4A98-9198-5FF8A995594B}.Release|x86.Build.0 = Release|Win32
		{7D636918-15ED-4F54-86B2-151AFA5D55CF}.Debug|x64.ActiveCfg = Debug|x64
		{7D636918-15ED-4F54-86B2-151AFA5D55CF}.Debug|x64.Build.0 = Debug|x64
		{7D636918-15ED-4F54-86B2-151AFA5D55CF}.Debug|x86.ActiveCfg = Debug|Win32
		{7D636918-15ED-4F54-86B2-151AFA5D55CF}.Debug|x86.Build.0 = Debug|Win32
		{7D636918-15ED-4F54-86B2-151AFA5D55CF}.Release|x64.ActiveCfg = Release|x64
		{7D636918-15ED-4F54-86B2-151AFA5D55CF}.Release|x64.Build.0 = Release|x64
		{7D636918-15ED-4F54-86B2-151AFA5D55CF}.Release|x86.ActiveCfg = Release|Win32
		{7D636918-15ED-4F54-86B2-151AFA5D55CF}.Release|x86.Build.0 = Release|Win32
	EndGlobalSection
	GlobalSection(SolutionProperties) = preSolution
		HideSolutionNode = FALSE
	EndGlobalSection
	GlobalSection(ExtensibilityGlobals) = postSolution
		SolutionGuid = {3A7234AF-A1B7-4F0C-B9D8-8B47369B879D}
	EndGlobalSection
EndGlobal
